
Microsoft Visual Studio Solution File, Format Version 12.00
# Visual Studio Version 16
VisualStudioVersion = 16.0.31624.102
MinimumVisualStudioVersion = 10.0.40219.1
Project("{FAE04EC0-301F-11D3-BF4B-00C04F79EFBC}") = "ApisNomina", "ApisNomina\ApisNomina.csproj", "{2B6933DB-BC24-4CFD-9CA8-DFC551C3D820}"
EndProject
Global
	GlobalSection(SolutionConfigurationPlatforms) = preSolution
		Debug|Any CPU = Debug|Any CPU
		Release|Any CPU = Release|Any CPU
	EndGlobalSection
	GlobalSection(ProjectConfigurationPlatforms) = postSolution
		{2B6933DB-BC24-4CFD-9CA8-DFC551C3D820}.Debug|Any CPU.ActiveCfg = Debug|Any CPU
		{2B6933DB-BC24-4CFD-9CA8-DFC551C3D820}.Debug|Any CPU.Build.0 = Debug|Any CPU
		{2B6933DB-BC24-4CFD-9CA8-DFC551C3D820}.Release|Any CPU.ActiveCfg = Release|Any CPU
		{2B6933DB-BC24-4CFD-9CA8-DFC551C3D820}.Release|Any CPU.Build.0 = Release|Any CPU
	EndGlobalSection
	GlobalSection(SolutionProperties) = preSolution
		HideSolutionNode = FALSE
	EndGlobalSection
	GlobalSection(ExtensibilityGlobals) = postSolution
		SolutionGuid = {333A93CD-84BE-4418-91EB-57E269F89908}
	EndGlobalSection
EndGlobal
