
Microsoft Visual Studio Solution File, Format Version 12.00
# Visual Studio 15
VisualStudioVersion = 15.0.28307.1340
MinimumVisualStudioVersion = 10.0.40219.1
Project("{FAE04EC0-301F-11D3-BF4B-00C04F79EFBC}") = "SAES_Apis", "SAES_Apis.csproj", "{D74079CF-DA74-45EB-BB5E-61903381FFAB}"
EndProject
Global
	GlobalSection(SolutionConfigurationPlatforms) = preSolution
		Debug|Any CPU = Debug|Any CPU
		Release|Any CPU = Release|Any CPU
	EndGlobalSection
	GlobalSection(ProjectConfigurationPlatforms) = postSolution
		{D74079CF-DA74-45EB-BB5E-61903381FFAB}.Debug|Any CPU.ActiveCfg = Debug|Any CPU
		{D74079CF-DA74-45EB-BB5E-61903381FFAB}.Debug|Any CPU.Build.0 = Debug|Any CPU
		{D74079CF-DA74-45EB-BB5E-61903381FFAB}.Release|Any CPU.ActiveCfg = Release|Any CPU
		{D74079CF-DA74-45EB-BB5E-61903381FFAB}.Release|Any CPU.Build.0 = Release|Any CPU
	EndGlobalSection
	GlobalSection(SolutionProperties) = preSolution
		HideSolutionNode = FALSE
	EndGlobalSection
	GlobalSection(ExtensibilityGlobals) = postSolution
		SolutionGuid = {5A3F4984-23B3-436C-ABFA-86EBCE5D641C}
	EndGlobalSection
EndGlobal
