
Microsoft Visual Studio Solution File, Format Version 12.00
# Visual Studio Version 16
VisualStudioVersion = 16.0.31624.102
MinimumVisualStudioVersion = 10.0.40219.1
Project("{FAE04EC0-301F-11D3-BF4B-00C04F79EFBC}") = "ApisSysweb", "ApisSysweb\ApisSysweb.csproj", "{717D92B0-09E4-4E4F-8D44-603A802381CD}"
EndProject
Global
	GlobalSection(SolutionConfigurationPlatforms) = preSolution
		Debug|Any CPU = Debug|Any CPU
		Release|Any CPU = Release|Any CPU
	EndGlobalSection
	GlobalSection(ProjectConfigurationPlatforms) = postSolution
		{717D92B0-09E4-4E4F-8D44-603A802381CD}.Debug|Any CPU.ActiveCfg = Debug|Any CPU
		{717D92B0-09E4-4E4F-8D44-603A802381CD}.Debug|Any CPU.Build.0 = Debug|Any CPU
		{717D92B0-09E4-4E4F-8D44-603A802381CD}.Release|Any CPU.ActiveCfg = Release|Any CPU
		{717D92B0-09E4-4E4F-8D44-603A802381CD}.Release|Any CPU.Build.0 = Release|Any CPU
	EndGlobalSection
	GlobalSection(SolutionProperties) = preSolution
		HideSolutionNode = FALSE
	EndGlobalSection
	GlobalSection(ExtensibilityGlobals) = postSolution
		SolutionGuid = {62275711-E691-43EC-8CEA-44B5AB64F44B}
	EndGlobalSection
EndGlobal
